# @generated - this file is auto-generated by `mise lock` https://mise.en.dev/dev-tools/mise-lock.html

[[tools.node]]
version = "26.9.0"
backend = "core:node"

[tools.node."platforms.linux-arm64"]
checksum = "sha256:d5077591aa38b48d90bf9b3ac10da8d2f40dce289b20294913c58c19f153eb12"
url = "https://nodejs.org/dist/v26.9.0/node-v26.9.0-linux-arm64.tar.gz"

[tools.node."platforms.linux-arm64-musl"]
checksum = "sha256:b52b747e86ef6d18068f02f43f508a608358c974dc5da8ef270bc823ba4710ca"
url = "https://unofficial-builds.nodejs.org/download/release/v26.9.0/node-v26.9.0-linux-arm64-musl.tar.gz"

[tools.node."platforms.linux-x64"]
checksum = "sha256:03d9104fc4f19652e74480fed11c023d75981464b7292f21a601c3f95ce7d90d"
url = "https://nodejs.org/dist/v26.9.0/node-v26.9.0-linux-x64.tar.gz"

[tools.node."platforms.linux-x64-musl"]
checksum = "sha256:669dd67ec374f7315dbac9e119641d0e4f371519e00c4b692f1f81e7a04b747c"
url = "https://unofficial-builds.nodejs.org/download/release/v26.9.0/node-v26.9.0-linux-x64-musl.tar.gz"

[tools.node."platforms.macos-arm64"]
checksum = "sha256:6f3de7ed853ee283b4bf24b6e426618f1d357401ce5815db1866eb85eb4b05d9"
url = "https://nodejs.org/dist/v26.9.0/node-v26.9.0-darwin-arm64.tar.gz"

[tools.node."platforms.macos-x64"]
checksum = "sha256:06b2e742ed9025dc84adc830243b3f731956eac9c321bccd0ede384209af02a8"
url = "https://nodejs.org/dist/v26.9.0/node-v26.9.0-darwin-x64.tar.gz"

[tools.node."platforms.windows-x64"]
checksum = "sha256:c8af870b5b3e9789a6cbdb30270e7c212e12d76a7afa7fc7f21b6b21cc22a71b"
url = "https://nodejs.org/dist/v26.9.0/node-v26.9.0-win-x64.zip"

[[tools."npm:corepack"]]
version = "0.36.0"
backend = "npm:corepack"
